
Microsoft Visual Studio Solution File, Format Version 12.00
# Visual Studio 15
VisualStudioVersion = 15.0.27428.2005
MinimumVisualStudioVersion = 10.0.40219.1
Project("{FAE04EC0-301F-11D3-BF4B-00C04F79EFBC}") = "Laba_1_PEis", "Laba_1_PEis\Laba_1_PEis.csproj", "{0AB417FB-26A6-494F-981D-B0DA010C71EB}"
EndProject
Global
	GlobalSection(SolutionConfigurationPlatforms) = preSolution
		Debug|Any CPU = Debug|Any CPU
		Release|Any CPU = Release|Any CPU
	EndGlobalSection
	GlobalSection(ProjectConfigurationPlatforms) = postSolution
		{0AB417FB-26A6-494F-981D-B0DA010C71EB}.Debug|Any CPU.ActiveCfg = Debug|Any CPU
		{0AB417FB-26A6-494F-981D-B0DA010C71EB}.Debug|Any CPU.Build.0 = Debug|Any CPU
		{0AB417FB-26A6-494F-981D-B0DA010C71EB}.Release|Any CPU.ActiveCfg = Release|Any CPU
		{0AB417FB-26A6-494F-981D-B0DA010C71EB}.Release|Any CPU.Build.0 = Release|Any CPU
	EndGlobalSection
	GlobalSection(SolutionProperties) = preSolution
		HideSolutionNode = FALSE
	EndGlobalSection
	GlobalSection(ExtensibilityGlobals) = postSolution
		SolutionGuid = {29AD9791-1CC9-4037-A8ED-5F9B7CD52D23}
	EndGlobalSection
EndGlobal
